
Microsoft Visual Studio Solution File, Format Version 12.00
Project("{FAE04EC0-301F-11D3-BF4B-00C04F79EFBC}") = "Jellyfin.Plugin.ServerSync", "Jellyfin.Plugin.ServerSync\Jellyfin.Plugin.ServerSync.csproj", "{D921B930-CF91-406F-ACBC-08914DCD0D34}"
EndProject
Project("{2150E333-8FDC-42A3-9474-1A3956D46DE8}") = "Tests", "Tests", "{0AB3BF05-4346-4AA6-1389-037BE0695223}"
EndProject
Project("{FAE04EC0-301F-11D3-BF4B-00C04F79EFBC}") = "Jellyfin.Plugin.ServerSync.Tests", "Tests\Jellyfin.Plugin.ServerSync.Tests\Jellyfin.Plugin.ServerSync.Tests.csproj", "{0E0F94EA-3DAD-4233-A987-BA02D4D7AEB5}"
EndProject
Global
	GlobalSection(SolutionConfigurationPlatforms) = preSolution
		Debug|Any CPU = Debug|Any CPU
		Debug|x64 = Debug|x64
		Debug|x86 = Debug|x86
		Release|Any CPU = Release|Any CPU
		Release|x64 = Release|x64
		Release|x86 = Release|x86
	EndGlobalSection
	GlobalSection(ProjectConfigurationPlatforms) = postSolution
		{D921B930-CF91-406F-ACBC-08914DCD0D34}.Debug|Any CPU.ActiveCfg = Debug|Any CPU
		{D921B930-CF91-406F-ACBC-08914DCD0D34}.Debug|Any CPU.Build.0 = Debug|Any CPU
		{D921B930-CF91-406F-ACBC-08914DCD0D34}.Debug|x64.ActiveCfg = Debug|Any CPU
		{D921B930-CF91-406F-ACBC-08914DCD0D34}.Debug|x64.Build.0 = Debug|Any CPU
		{D921B930-CF91-406F-ACBC-08914DCD0D34}.Debug|x86.ActiveCfg = Debug|Any CPU
		{D921B930-CF91-406F-ACBC-08914DCD0D34}.Debug|x86.Build.0 = Debug|Any CPU
		{D921B930-CF91-406F-ACBC-08914DCD0D34}.Release|Any CPU.ActiveCfg = Release|Any CPU
		{D921B930-CF91-406F-ACBC-08914DCD0D34}.Release|Any CPU.Build.0 = Release|Any CPU
		{D921B930-CF91-406F-ACBC-08914DCD0D34}.Release|x64.ActiveCfg = Release|Any CPU
		{D921B930-CF91-406F-ACBC-08914DCD0D34}.Release|x64.Build.0 = Release|Any CPU
		{D921B930-CF91-406F-ACBC-08914DCD0D34}.Release|x86.ActiveCfg = Release|Any CPU
		{D921B930-CF91-406F-ACBC-08914DCD0D34}.Release|x86.Build.0 = Release|Any CPU
		{0E0F94EA-3DAD-4233-A987-BA02D4D7AEB5}.Debug|Any CPU.ActiveCfg = Debug|Any CPU
		{0E0F94EA-3DAD-4233-A987-BA02D4D7AEB5}.Debug|Any CPU.Build.0 = Debug|Any CPU
		{0E0F94EA-3DAD-4233-A987-BA02D4D7AEB5}.Debug|x64.ActiveCfg = Debug|Any CPU
		{0E0F94EA-3DAD-4233-A987-BA02D4D7AEB5}.Debug|x64.Build.0 = Debug|Any CPU
		{0E0F94EA-3DAD-4233-A987-BA02D4D7AEB5}.Debug|x86.ActiveCfg = Debug|Any CPU
		{0E0F94EA-3DAD-4233-A987-BA02D4D7AEB5}.Debug|x86.Build.0 = Debug|Any CPU
		{0E0F94EA-3DAD-4233-A987-BA02D4D7AEB5}.Release|Any CPU.ActiveCfg = Release|Any CPU
		{0E0F94EA-3DAD-4233-A987-BA02D4D7AEB5}.Release|Any CPU.Build.0 = Release|Any CPU
		{0E0F94EA-3DAD-4233-A987-BA02D4D7AEB5}.Release|x64.ActiveCfg = Release|Any CPU
		{0E0F94EA-3DAD-4233-A987-BA02D4D7AEB5}.Release|x64.Build.0 = Release|Any CPU
		{0E0F94EA-3DAD-4233-A987-BA02D4D7AEB5}.Release|x86.ActiveCfg = Release|Any CPU
		{0E0F94EA-3DAD-4233-A987-BA02D4D7AEB5}.Release|x86.Build.0 = Release|Any CPU
	EndGlobalSection
	GlobalSection(SolutionProperties) = preSolution
		HideSolutionNode = FALSE
	EndGlobalSection
	GlobalSection(NestedProjects) = preSolution
		{0E0F94EA-3DAD-4233-A987-BA02D4D7AEB5} = {0AB3BF05-4346-4AA6-1389-037BE0695223}
	EndGlobalSection
EndGlobal
